Microsoft Visual Studio Solution File, Format Version 12.00
Project("{FAE04EC0-301F-11D3-BF4B-00C04F79EFBC}") = "ParticipantManager.API", "ParticipantManager.API\ParticipantManager.API.csproj", "{62C649FD-6021-48C3-B54B-417B547F26DA}"
EndProject
Project("{FAE04EC0-301F-11D3-BF4B-00C04F79EFBC}") = "ParticipantManager.Experience.API", "ParticipantManager.Experience.API\ParticipantManager.Experience.API.csproj", "{755DEF3C-C1B1-47A1-B53A-415E7836C9F4}"
EndProject
Project("{2150E333-8FDC-42A3-9474-1A3956D46DE8}") = "Tests", "Tests", "{0AB3BF05-4346-4AA6-1389-037BE0695223}"
EndProject
Project("{FAE04EC0-301F-11D3-BF4B-00C04F79EFBC}") = "ParticipantManager.API.Tests", "..\..\tests\ParticipantManager.API.Tests\ParticipantManager.API.Tests.csproj", "{E2C2CBAD-FCCA-4D62-9DBE-6A8622D7F2E2}"
EndProject
Project("{FAE04EC0-301F-11D3-BF4B-00C04F79EFBC}") = "ParticipantManager.Experience.API.Tests", "..\..\tests\ParticipantManager.Experience.API.Tests\ParticipantManager.Experience.API.Tests.csproj", "{02964EA0-0B5B-45CA-9A4B-5FA7371E21AD}"
EndProject
Project("{FAE04EC0-301F-11D3-BF4B-00C04F79EFBC}") = "ParticipantManager.Shared", "ParticipantManager.Shared\ParticipantManager.Shared.csproj", "{86D08B30-E827-44ED-AA2B-C7EC01222249}"
EndProject
Project("{FAE04EC0-301F-11D3-BF4B-00C04F79EFBC}") = "ParticipantManager.EventHandler", "ParticipantManager.EventHandler\ParticipantManager.EventHandler.csproj", "{04FC3B11-5DBC-4E73-AC05-F6860B6A626D}"
EndProject
Project("{FAE04EC0-301F-11D3-BF4B-00C04F79EFBC}") = "ParticipantManager.EventHandler.Tests", "..\..\tests\ParticipantManager.EventHandler.Tests\ParticipantManager.EventHandler.Tests.csproj", "{FDCC88F4-6D69-4DF4-A0C6-C227B1B734AB}"
EndProject
Project("{FAE04EC0-301F-11D3-BF4B-00C04F79EFBC}") = "ParticipantManager.Shared.Tests", "..\..\tests\ParticipantManager.Shared.Tests\ParticipantManager.Shared.Tests.csproj", "{9577B108-A5AE-4079-9C07-599B04F04CDD}"
EndProject
Global
		GlobalSection(SolutionConfigurationPlatforms) = preSolution
				Debug|Any CPU = Debug|Any CPU
				Debug|x64 = Debug|x64
				Debug|x86 = Debug|x86
				Release|Any CPU = Release|Any CPU
				Release|x64 = Release|x64
				Release|x86 = Release|x86
		EndGlobalSection
		GlobalSection(ProjectConfigurationPlatforms) = postSolution
				{62C649FD-6021-48C3-B54B-417B547F26DA}.Debug|Any CPU.ActiveCfg = Debug|Any CPU
				{62C649FD-6021-48C3-B54B-417B547F26DA}.Debug|Any CPU.Build.0 = Debug|Any CPU
				{62C649FD-6021-48C3-B54B-417B547F26DA}.Debug|x64.ActiveCfg = Debug|Any CPU
				{62C649FD-6021-48C3-B54B-417B547F26DA}.Debug|x64.Build.0 = Debug|Any CPU
				{62C649FD-6021-48C3-B54B-417B547F26DA}.Debug|x86.ActiveCfg = Debug|Any CPU
				{62C649FD-6021-48C3-B54B-417B547F26DA}.Debug|x86.Build.0 = Debug|Any CPU
				{62C649FD-6021-48C3-B54B-417B547F26DA}.Release|Any CPU.ActiveCfg = Release|Any CPU
				{62C649FD-6021-48C3-B54B-417B547F26DA}.Release|Any CPU.Build.0 = Release|Any CPU
				{62C649FD-6021-48C3-B54B-417B547F26DA}.Release|x64.ActiveCfg = Release|Any CPU
				{62C649FD-6021-48C3-B54B-417B547F26DA}.Release|x64.Build.0 = Release|Any CPU
				{62C649FD-6021-48C3-B54B-417B547F26DA}.Release|x86.ActiveCfg = Release|Any CPU
				{62C649FD-6021-48C3-B54B-417B547F26DA}.Release|x86.Build.0 = Release|Any CPU
				{755DEF3C-C1B1-47A1-B53A-415E7836C9F4}.Debug|Any CPU.ActiveCfg = Debug|Any CPU
				{755DEF3C-C1B1-47A1-B53A-415E7836C9F4}.Debug|Any CPU.Build.0 = Debug|Any CPU
				{755DEF3C-C1B1-47A1-B53A-415E7836C9F4}.Debug|x64.ActiveCfg = Debug|Any CPU
				{755DEF3C-C1B1-47A1-B53A-415E7836C9F4}.Debug|x64.Build.0 = Debug|Any CPU
				{755DEF3C-C1B1-47A1-B53A-415E7836C9F4}.Debug|x86.ActiveCfg = Debug|Any CPU
				{755DEF3C-C1B1-47A1-B53A-415E7836C9F4}.Debug|x86.Build.0 = Debug|Any CPU
				{755DEF3C-C1B1-47A1-B53A-415E7836C9F4}.Release|Any CPU.ActiveCfg = Release|Any CPU
				{755DEF3C-C1B1-47A1-B53A-415E7836C9F4}.Release|Any CPU.Build.0 = Release|Any CPU
				{755DEF3C-C1B1-47A1-B53A-415E7836C9F4}.Release|x64.ActiveCfg = Release|Any CPU
				{755DEF3C-C1B1-47A1-B53A-415E7836C9F4}.Release|x64.Build.0 = Release|Any CPU
				{755DEF3C-C1B1-47A1-B53A-415E7836C9F4}.Release|x86.ActiveCfg = Release|Any CPU
				{755DEF3C-C1B1-47A1-B53A-415E7836C9F4}.Release|x86.Build.0 = Release|Any CPU
				{E2C2CBAD-FCCA-4D62-9DBE-6A8622D7F2E2}.Debug|Any CPU.ActiveCfg = Debug|Any CPU
				{E2C2CBAD-FCCA-4D62-9DBE-6A8622D7F2E2}.Debug|Any CPU.Build.0 = Debug|Any CPU
				{E2C2CBAD-FCCA-4D62-9DBE-6A8622D7F2E2}.Debug|x64.ActiveCfg = Debug|Any CPU
				{E2C2CBAD-FCCA-4D62-9DBE-6A8622D7F2E2}.Debug|x64.Build.0 = Debug|Any CPU
				{E2C2CBAD-FCCA-4D62-9DBE-6A8622D7F2E2}.Debug|x86.ActiveCfg = Debug|Any CPU
				{E2C2CBAD-FCCA-4D62-9DBE-6A8622D7F2E2}.Debug|x86.Build.0 = Debug|Any CPU
				{E2C2CBAD-FCCA-4D62-9DBE-6A8622D7F2E2}.Release|Any CPU.ActiveCfg = Release|Any CPU
				{E2C2CBAD-FCCA-4D62-9DBE-6A8622D7F2E2}.Release|Any CPU.Build.0 = Release|Any CPU
				{E2C2CBAD-FCCA-4D62-9DBE-6A8622D7F2E2}.Release|x64.ActiveCfg = Release|Any CPU
				{E2C2CBAD-FCCA-4D62-9DBE-6A8622D7F2E2}.Release|x64.Build.0 = Release|Any CPU
				{E2C2CBAD-FCCA-4D62-9DBE-6A8622D7F2E2}.Release|x86.ActiveCfg = Release|Any CPU
				{E2C2CBAD-FCCA-4D62-9DBE-6A8622D7F2E2}.Release|x86.Build.0 = Release|Any CPU
				{02964EA0-0B5B-45CA-9A4B-5FA7371E21AD}.Debug|Any CPU.ActiveCfg = Debug|Any CPU
				{02964EA0-0B5B-45CA-9A4B-5FA7371E21AD}.Debug|Any CPU.Build.0 = Debug|Any CPU
				{02964EA0-0B5B-45CA-9A4B-5FA7371E21AD}.Debug|x64.ActiveCfg = Debug|Any CPU
				{02964EA0-0B5B-45CA-9A4B-5FA7371E21AD}.Debug|x64.Build.0 = Debug|Any CPU
				{02964EA0-0B5B-45CA-9A4B-5FA7371E21AD}.Debug|x86.ActiveCfg = Debug|Any CPU
				{02964EA0-0B5B-45CA-9A4B-5FA7371E21AD}.Debug|x86.Build.0 = Debug|Any CPU
				{02964EA0-0B5B-45CA-9A4B-5FA7371E21AD}.Release|Any CPU.ActiveCfg = Release|Any CPU
				{02964EA0-0B5B-45CA-9A4B-5FA7371E21AD}.Release|Any CPU.Build.0 = Release|Any CPU
				{02964EA0-0B5B-45CA-9A4B-5FA7371E21AD}.Release|x64.ActiveCfg = Release|Any CPU
				{02964EA0-0B5B-45CA-9A4B-5FA7371E21AD}.Release|x64.Build.0 = Release|Any CPU
				{02964EA0-0B5B-45CA-9A4B-5FA7371E21AD}.Release|x86.ActiveCfg = Release|Any CPU
				{02964EA0-0B5B-45CA-9A4B-5FA7371E21AD}.Release|x86.Build.0 = Release|Any CPU
				{86D08B30-E827-44ED-AA2B-C7EC01222249}.Debug|Any CPU.ActiveCfg = Debug|Any CPU
				{86D08B30-E827-44ED-AA2B-C7EC01222249}.Debug|Any CPU.Build.0 = Debug|Any CPU
				{86D08B30-E827-44ED-AA2B-C7EC01222249}.Debug|x64.ActiveCfg = Debug|Any CPU
				{86D08B30-E827-44ED-AA2B-C7EC01222249}.Debug|x64.Build.0 = Debug|Any CPU
				{86D08B30-E827-44ED-AA2B-C7EC01222249}.Debug|x86.ActiveCfg = Debug|Any CPU
				{86D08B30-E827-44ED-AA2B-C7EC01222249}.Debug|x86.Build.0 = Debug|Any CPU
				{86D08B30-E827-44ED-AA2B-C7EC01222249}.Release|Any CPU.ActiveCfg = Release|Any CPU
				{86D08B30-E827-44ED-AA2B-C7EC01222249}.Release|Any CPU.Build.0 = Release|Any CPU
				{86D08B30-E827-44ED-AA2B-C7EC01222249}.Release|x64.ActiveCfg = Release|Any CPU
				{86D08B30-E827-44ED-AA2B-C7EC01222249}.Release|x64.Build.0 = Release|Any CPU
				{86D08B30-E827-44ED-AA2B-C7EC01222249}.Release|x86.ActiveCfg = Release|Any CPU
				{86D08B30-E827-44ED-AA2B-C7EC01222249}.Release|x86.Build.0 = Release|Any CPU
				{04FC3B11-5DBC-4E73-AC05-F6860B6A626D}.Debug|Any CPU.ActiveCfg = Debug|Any CPU
				{04FC3B11-5DBC-4E73-AC05-F6860B6A626D}.Debug|Any CPU.Build.0 = Debug|Any CPU
				{04FC3B11-5DBC-4E73-AC05-F6860B6A626D}.Debug|x64.ActiveCfg = Debug|Any CPU
				{04FC3B11-5DBC-4E73-AC05-F6860B6A626D}.Debug|x64.Build.0 = Debug|Any CPU
				{04FC3B11-5DBC-4E73-AC05-F6860B6A626D}.Debug|x86.ActiveCfg = Debug|Any CPU
				{04FC3B11-5DBC-4E73-AC05-F6860B6A626D}.Debug|x86.Build.0 = Debug|Any CPU
				{04FC3B11-5DBC-4E73-AC05-F6860B6A626D}.Release|Any CPU.ActiveCfg = Release|Any CPU
				{04FC3B11-5DBC-4E73-AC05-F6860B6A626D}.Release|Any CPU.Build.0 = Release|Any CPU
				{04FC3B11-5DBC-4E73-AC05-F6860B6A626D}.Release|x64.ActiveCfg = Release|Any CPU
				{04FC3B11-5DBC-4E73-AC05-F6860B6A626D}.Release|x64.Build.0 = Release|Any CPU
				{04FC3B11-5DBC-4E73-AC05-F6860B6A626D}.Release|x86.ActiveCfg = Release|Any CPU
				{04FC3B11-5DBC-4E73-AC05-F6860B6A626D}.Release|x86.Build.0 = Release|Any CPU
				{FDCC88F4-6D69-4DF4-A0C6-C227B1B734AB}.Debug|Any CPU.ActiveCfg = Debug|Any CPU
				{FDCC88F4-6D69-4DF4-A0C6-C227B1B734AB}.Debug|Any CPU.Build.0 = Debug|Any CPU
				{FDCC88F4-6D69-4DF4-A0C6-C227B1B734AB}.Debug|x64.ActiveCfg = Debug|Any CPU
				{FDCC88F4-6D69-4DF4-A0C6-C227B1B734AB}.Debug|x64.Build.0 = Debug|Any CPU
				{FDCC88F4-6D69-4DF4-A0C6-C227B1B734AB}.Debug|x86.ActiveCfg = Debug|Any CPU
				{FDCC88F4-6D69-4DF4-A0C6-C227B1B734AB}.Debug|x86.Build.0 = Debug|Any CPU
				{FDCC88F4-6D69-4DF4-A0C6-C227B1B734AB}.Release|Any CPU.ActiveCfg = Release|Any CPU
				{FDCC88F4-6D69-4DF4-A0C6-C227B1B734AB}.Release|Any CPU.Build.0 = Release|Any CPU
				{FDCC88F4-6D69-4DF4-A0C6-C227B1B734AB}.Release|x64.ActiveCfg = Release|Any CPU
				{FDCC88F4-6D69-4DF4-A0C6-C227B1B734AB}.Release|x64.Build.0 = Release|Any CPU
				{FDCC88F4-6D69-4DF4-A0C6-C227B1B734AB}.Release|x86.ActiveCfg = Release|Any CPU
				{FDCC88F4-6D69-4DF4-A0C6-C227B1B734AB}.Release|x86.Build.0 = Release|Any CPU
			{9577B108-A5AE-4079-9C07-599B04F04CDD}.Debug|Any CPU.ActiveCfg = Debug|Any CPU
			{9577B108-A5AE-4079-9C07-599B04F04CDD}.Debug|Any CPU.Build.0 = Debug|Any CPU
			{9577B108-A5AE-4079-9C07-599B04F04CDD}.Debug|x64.ActiveCfg = Debug|Any CPU
			{9577B108-A5AE-4079-9C07-599B04F04CDD}.Debug|x64.Build.0 = Debug|Any CPU
			{9577B108-A5AE-4079-9C07-599B04F04CDD}.Debug|x86.ActiveCfg = Debug|Any CPU
			{9577B108-A5AE-4079-9C07-599B04F04CDD}.Debug|x86.Build.0 = Debug|Any CPU
			{9577B108-A5AE-4079-9C07-599B04F04CDD}.Release|Any CPU.ActiveCfg = Release|Any CPU
			{9577B108-A5AE-4079-9C07-599B04F04CDD}.Release|Any CPU.Build.0 = Release|Any CPU
			{9577B108-A5AE-4079-9C07-599B04F04CDD}.Release|x64.ActiveCfg = Release|Any CPU
			{9577B108-A5AE-4079-9C07-599B04F04CDD}.Release|x64.Build.0 = Release|Any CPU
			{9577B108-A5AE-4079-9C07-599B04F04CDD}.Release|x86.ActiveCfg = Release|Any CPU
			{9577B108-A5AE-4079-9C07-599B04F04CDD}.Release|x86.Build.0 = Release|Any CPU
		EndGlobalSection
		GlobalSection(SolutionProperties) = preSolution
				HideSolutionNode = FALSE
		EndGlobalSection
		GlobalSection(NestedProjects) = preSolution
				{E2C2CBAD-FCCA-4D62-9DBE-6A8622D7F2E2} = {0AB3BF05-4346-4AA6-1389-037BE0695223}
				{02964EA0-0B5B-45CA-9A4B-5FA7371E21AD} = {0AB3BF05-4346-4AA6-1389-037BE0695223}
				{FDCC88F4-6D69-4DF4-A0C6-C227B1B734AB} = {0AB3BF05-4346-4AA6-1389-037BE0695223}
			{9577B108-A5AE-4079-9C07-599B04F04CDD} = {0AB3BF05-4346-4AA6-1389-037BE0695223}
		EndGlobalSection
EndGlobal
